
Microsoft Visual Studio Solution File, Format Version 12.00
# Visual Studio Version 17
VisualStudioVersion = 17.13.35825.156
MinimumVisualStudioVersion = 10.0.40219.1
Project("{FAE04EC0-301F-11D3-BF4B-00C04F79EFBC}") = "MethodologyMain.API", "MethodologyMain.API\MethodologyMain.API.csproj", "{9617192C-0310-6F26-DC5C-04497DB93B87}"
EndProject
Project("{FAE04EC0-301F-11D3-BF4B-00C04F79EFBC}") = "MethodologyMain.Application", "MethodologyMain.Application\MethodologyMain.Application.csproj", "{C45BE501-3F99-7B2E-44F5-5DE234886C5D}"
EndProject
Project("{FAE04EC0-301F-11D3-BF4B-00C04F79EFBC}") = "MethodologyMain.Infrastructure", "MethodologyMain.Infrastructure\MethodologyMain.Infrastructure.csproj", "{9DD2C215-388D-CE5C-F166-1CB4CBC5EEA6}"
EndProject
Project("{FAE04EC0-301F-11D3-BF4B-00C04F79EFBC}") = "MethodologyMain.Logic", "MethodologyMain.Logic\MethodologyMain.Logic.csproj", "{578CD047-F13B-65B3-6DC8-AAD1CF81C181}"
EndProject
Project("{FAE04EC0-301F-11D3-BF4B-00C04F79EFBC}") = "MethodologyMain.Persistence", "MethodologyMain.Persistence\MethodologyMain.Persistence.csproj", "{FEE62317-1AF2-3BB2-3C7A-D72D85A4F96A}"
EndProject
Global
	GlobalSection(SolutionConfigurationPlatforms) = preSolution
		Debug|Any CPU = Debug|Any CPU
		Release|Any CPU = Release|Any CPU
	EndGlobalSection
	GlobalSection(ProjectConfigurationPlatforms) = postSolution
		{9617192C-0310-6F26-DC5C-04497DB93B87}.Debug|Any CPU.ActiveCfg = Debug|Any CPU
		{9617192C-0310-6F26-DC5C-04497DB93B87}.Debug|Any CPU.Build.0 = Debug|Any CPU
		{9617192C-0310-6F26-DC5C-04497DB93B87}.Release|Any CPU.ActiveCfg = Release|Any CPU
		{9617192C-0310-6F26-DC5C-04497DB93B87}.Release|Any CPU.Build.0 = Release|Any CPU
		{C45BE501-3F99-7B2E-44F5-5DE234886C5D}.Debug|Any CPU.ActiveCfg = Debug|Any CPU
		{C45BE501-3F99-7B2E-44F5-5DE234886C5D}.Debug|Any CPU.Build.0 = Debug|Any CPU
		{C45BE501-3F99-7B2E-44F5-5DE234886C5D}.Release|Any CPU.ActiveCfg = Release|Any CPU
		{C45BE501-3F99-7B2E-44F5-5DE234886C5D}.Release|Any CPU.Build.0 = Release|Any CPU
		{9DD2C215-388D-CE5C-F166-1CB4CBC5EEA6}.Debug|Any CPU.ActiveCfg = Debug|Any CPU
		{9DD2C215-388D-CE5C-F166-1CB4CBC5EEA6}.Debug|Any CPU.Build.0 = Debug|Any CPU
		{9DD2C215-388D-CE5C-F166-1CB4CBC5EEA6}.Release|Any CPU.ActiveCfg = Release|Any CPU
		{9DD2C215-388D-CE5C-F166-1CB4CBC5EEA6}.Release|Any CPU.Build.0 = Release|Any CPU
		{578CD047-F13B-65B3-6DC8-AAD1CF81C181}.Debug|Any CPU.ActiveCfg = Debug|Any CPU
		{578CD047-F13B-65B3-6DC8-AAD1CF81C181}.Debug|Any CPU.Build.0 = Debug|Any CPU
		{578CD047-F13B-65B3-6DC8-AAD1CF81C181}.Release|Any CPU.ActiveCfg = Release|Any CPU
		{578CD047-F13B-65B3-6DC8-AAD1CF81C181}.Release|Any CPU.Build.0 = Release|Any CPU
		{FEE62317-1AF2-3BB2-3C7A-D72D85A4F96A}.Debug|Any CPU.ActiveCfg = Debug|Any CPU
		{FEE62317-1AF2-3BB2-3C7A-D72D85A4F96A}.Debug|Any CPU.Build.0 = Debug|Any CPU
		{FEE62317-1AF2-3BB2-3C7A-D72D85A4F96A}.Release|Any CPU.ActiveCfg = Release|Any CPU
		{FEE62317-1AF2-3BB2-3C7A-D72D85A4F96A}.Release|Any CPU.Build.0 = Release|Any CPU
	EndGlobalSection
	GlobalSection(SolutionProperties) = preSolution
		HideSolutionNode = FALSE
	EndGlobalSection
	GlobalSection(ExtensibilityGlobals) = postSolution
		SolutionGuid = {A05B680E-2581-4C1F-B1A8-71A587C941CF}
	EndGlobalSection
EndGlobal
