
Microsoft Visual Studio Solution File, Format Version 12.00
# Visual Studio Version 17
VisualStudioVersion = 17.13.35825.156
MinimumVisualStudioVersion = 10.0.40219.1
Project("{FAE04EC0-301F-11D3-BF4B-00C04F79EFBC}") = "MethodTeams1", "MethodTeams1\MethodTeams1.csproj", "{A54D6238-980E-4C07-A6AD-FD500ED0222E}"
EndProject
Global
	GlobalSection(SolutionConfigurationPlatforms) = preSolution
		Debug|Any CPU = Debug|Any CPU
		Release|Any CPU = Release|Any CPU
	EndGlobalSection
	GlobalSection(ProjectConfigurationPlatforms) = postSolution
		{A54D6238-980E-4C07-A6AD-FD500ED0222E}.Debug|Any CPU.ActiveCfg = Debug|Any CPU
		{A54D6238-980E-4C07-A6AD-FD500ED0222E}.Debug|Any CPU.Build.0 = Debug|Any CPU
		{A54D6238-980E-4C07-A6AD-FD500ED0222E}.Release|Any CPU.ActiveCfg = Release|Any CPU
		{A54D6238-980E-4C07-A6AD-FD500ED0222E}.Release|Any CPU.Build.0 = Release|Any CPU
	EndGlobalSection
	GlobalSection(SolutionProperties) = preSolution
		HideSolutionNode = FALSE
	EndGlobalSection
	GlobalSection(ExtensibilityGlobals) = postSolution
		SolutionGuid = {A05B680E-2581-4C1F-B1A8-71A587C941CF}
	EndGlobalSection
EndGlobal
